
Microsoft Visual Studio Solution File, Format Version 12.00
Project("{FAE04EC0-301F-11D3-BF4B-00C04F79EFBC}") = "ApiCorrelation", "ApiCorrelation\ApiCorrelation.csproj", "{EDFF9B88-2569-472D-BC20-388F7BC7EBF5}"
EndProject
Global
	GlobalSection(SolutionConfigurationPlatforms) = preSolution
		Debug|Any CPU = Debug|Any CPU
		Release|Any CPU = Release|Any CPU
	EndGlobalSection
	GlobalSection(ProjectConfigurationPlatforms) = postSolution
		{EDFF9B88-2569-472D-BC20-388F7BC7EBF5}.Debug|Any CPU.ActiveCfg = Debug|Any CPU
		{EDFF9B88-2569-472D-BC20-388F7BC7EBF5}.Debug|Any CPU.Build.0 = Debug|Any CPU
		{EDFF9B88-2569-472D-BC20-388F7BC7EBF5}.Release|Any CPU.ActiveCfg = Release|Any CPU
		{EDFF9B88-2569-472D-BC20-388F7BC7EBF5}.Release|Any CPU.Build.0 = Release|Any CPU
	EndGlobalSection
EndGlobal
